
Microsoft Visual Studio Solution File, Format Version 12.00
# Visual Studio Version 16
VisualStudioVersion = 16.0.30611.23
MinimumVisualStudioVersion = 10.0.40219.1
Project("{9A19103F-16F7-4668-BE54-9A1E7A4F7556}") = "VeritySDK", "VeritySDK\VeritySDK.csproj", "{894F4AF5-1721-46B1-A93D-C288D1BB99EB}"
EndProject
Project("{9A19103F-16F7-4668-BE54-9A1E7A4F7556}") = "VeritySDK.Test", "VeritySDK.Test\VeritySDK.Test.csproj", "{EF5A311F-3D06-4FB5-A4F3-593BF03296C4}"
EndProject
Project("{9A19103F-16F7-4668-BE54-9A1E7A4F7556}") = "VeritySDK.Sample", "VeritySDK.Sample\VeritySDK.Sample.csproj", "{20934B44-4E3C-4CFD-8A38-D91451F7D031}"
EndProject
Global
	GlobalSection(SolutionConfigurationPlatforms) = preSolution
		Debug|Any CPU = Debug|Any CPU
		Release|Any CPU = Release|Any CPU
	EndGlobalSection
	GlobalSection(ProjectConfigurationPlatforms) = postSolution
		{894F4AF5-1721-46B1-A93D-C288D1BB99EB}.Debug|Any CPU.ActiveCfg = Debug|Any CPU
		{894F4AF5-1721-46B1-A93D-C288D1BB99EB}.Debug|Any CPU.Build.0 = Debug|Any CPU
		{894F4AF5-1721-46B1-A93D-C288D1BB99EB}.Release|Any CPU.ActiveCfg = Release|Any CPU
		{894F4AF5-1721-46B1-A93D-C288D1BB99EB}.Release|Any CPU.Build.0 = Release|Any CPU
		{EF5A311F-3D06-4FB5-A4F3-593BF03296C4}.Debug|Any CPU.ActiveCfg = Debug|Any CPU
		{EF5A311F-3D06-4FB5-A4F3-593BF03296C4}.Debug|Any CPU.Build.0 = Debug|Any CPU
		{EF5A311F-3D06-4FB5-A4F3-593BF03296C4}.Release|Any CPU.ActiveCfg = Release|Any CPU
		{EF5A311F-3D06-4FB5-A4F3-593BF03296C4}.Release|Any CPU.Build.0 = Release|Any CPU
		{20934B44-4E3C-4CFD-8A38-D91451F7D031}.Debug|Any CPU.ActiveCfg = Debug|Any CPU
		{20934B44-4E3C-4CFD-8A38-D91451F7D031}.Debug|Any CPU.Build.0 = Debug|Any CPU
		{20934B44-4E3C-4CFD-8A38-D91451F7D031}.Release|Any CPU.ActiveCfg = Release|Any CPU
		{20934B44-4E3C-4CFD-8A38-D91451F7D031}.Release|Any CPU.Build.0 = Release|Any CPU
	EndGlobalSection
	GlobalSection(SolutionProperties) = preSolution
		HideSolutionNode = FALSE
	EndGlobalSection
	GlobalSection(ExtensibilityGlobals) = postSolution
		SolutionGuid = {F1B2692F-A808-4E48-9B26-49D496919C5B}
	EndGlobalSection
EndGlobal
